Microsoft Visual Studio Solution File, Format Version 12.00
# Visual Studio Version 17
VisualStudioVersion = 17.0.31903.59
MinimumVisualStudioVersion = 10.0.40219.1
Project("{FAE04EC0-301F-11D3-BF4B-00C04F79EFBC}") = "Praefixum.SourceGen", "Praefixum.SourceGen\Praefixum.SourceGen.csproj", "{33CE26E8-B99F-4007-A1CC-F9FDA53375C1}"
EndProject
Project("{FAE04EC0-301F-11D3-BF4B-00C04F79EFBC}") = "Praefixum.Demo", "Praefixum.Demo\Praefixum.Demo.csproj", "{CE9212C6-4877-4AFE-BBF3-33B4EA66C73E}"
EndProject
Project("{FAE04EC0-301F-11D3-BF4B-00C04F79EFBC}") = "Praefixum.Tests", "Praefixum.Tests\Praefixum.Tests.csproj", "{A1B2C3D4-E5F6-4007-A1CC-F9FDA53375C1}"
EndProject
Global
	GlobalSection(SolutionConfigurationPlatforms) = preSolution
		Debug|Any CPU = Debug|Any CPU
		Debug|x64 = Debug|x64
		Debug|x86 = Debug|x86
		Release|Any CPU = Release|Any CPU
		Release|x64 = Release|x64
		Release|x86 = Release|x86
	EndGlobalSection
	GlobalSection(ProjectConfigurationPlatforms) = postSolution
		{33CE26E8-B99F-4007-A1CC-F9FDA53375C1}.Debug|Any CPU.ActiveCfg = Debug|Any CPU
		{33CE26E8-B99F-4007-A1CC-F9FDA53375C1}.Debug|Any CPU.Build.0 = Debug|Any CPU
		{33CE26E8-B99F-4007-A1CC-F9FDA53375C1}.Debug|x64.ActiveCfg = Debug|Any CPU
		{33CE26E8-B99F-4007-A1CC-F9FDA53375C1}.Debug|x64.Build.0 = Debug|Any CPU
		{33CE26E8-B99F-4007-A1CC-F9FDA53375C1}.Debug|x86.ActiveCfg = Debug|Any CPU
		{33CE26E8-B99F-4007-A1CC-F9FDA53375C1}.Debug|x86.Build.0 = Debug|Any CPU
		{33CE26E8-B99F-4007-A1CC-F9FDA53375C1}.Release|Any CPU.ActiveCfg = Release|Any CPU
		{33CE26E8-B99F-4007-A1CC-F9FDA53375C1}.Release|Any CPU.Build.0 = Release|Any CPU
		{33CE26E8-B99F-4007-A1CC-F9FDA53375C1}.Release|x64.ActiveCfg = Release|Any CPU
		{33CE26E8-B99F-4007-A1CC-F9FDA53375C1}.Release|x64.Build.0 = Release|Any CPU
		{33CE26E8-B99F-4007-A1CC-F9FDA53375C1}.Release|x86.ActiveCfg = Release|Any CPU
		{33CE26E8-B99F-4007-A1CC-F9FDA53375C1}.Release|x86.Build.0 = Release|Any CPU
		{CE9212C6-4877-4AFE-BBF3-33B4EA66C73E}.Debug|Any CPU.ActiveCfg = Debug|Any CPU
		{CE9212C6-4877-4AFE-BBF3-33B4EA66C73E}.Debug|Any CPU.Build.0 = Debug|Any CPU
		{CE9212C6-4877-4AFE-BBF3-33B4EA66C73E}.Debug|x64.ActiveCfg = Debug|Any CPU
		{CE9212C6-4877-4AFE-BBF3-33B4EA66C73E}.Debug|x64.Build.0 = Debug|Any CPU
		{CE9212C6-4877-4AFE-BBF3-33B4EA66C73E}.Debug|x86.ActiveCfg = Debug|Any CPU
		{CE9212C6-4877-4AFE-BBF3-33B4EA66C73E}.Debug|x86.Build.0 = Debug|Any CPU
		{CE9212C6-4877-4AFE-BBF3-33B4EA66C73E}.Release|Any CPU.ActiveCfg = Release|Any CPU
		{CE9212C6-4877-4AFE-BBF3-33B4EA66C73E}.Release|Any CPU.Build.0 = Release|Any CPU
		{CE9212C6-4877-4AFE-BBF3-33B4EA66C73E}.Release|x64.ActiveCfg = Release|Any CPU
		{CE9212C6-4877-4AFE-BBF3-33B4EA66C73E}.Release|x64.Build.0 = Release|Any CPU
		{CE9212C6-4877-4AFE-BBF3-33B4EA66C73E}.Release|x86.ActiveCfg = Release|Any CPU
		{CE9212C6-4877-4AFE-BBF3-33B4EA66C73E}.Release|x86.Build.0 = Release|Any CPU
		{A1B2C3D4-E5F6-4007-A1CC-F9FDA53375C1}.Debug|Any CPU.ActiveCfg = Debug|Any CPU
		{A1B2C3D4-E5F6-4007-A1CC-F9FDA53375C1}.Debug|Any CPU.Build.0 = Debug|Any CPU
		{A1B2C3D4-E5F6-4007-A1CC-F9FDA53375C1}.Debug|x64.ActiveCfg = Debug|Any CPU
		{A1B2C3D4-E5F6-4007-A1CC-F9FDA53375C1}.Debug|x64.Build.0 = Debug|Any CPU
		{A1B2C3D4-E5F6-4007-A1CC-F9FDA53375C1}.Debug|x86.ActiveCfg = Debug|Any CPU
		{A1B2C3D4-E5F6-4007-A1CC-F9FDA53375C1}.Debug|x86.Build.0 = Debug|Any CPU
		{A1B2C3D4-E5F6-4007-A1CC-F9FDA53375C1}.Release|Any CPU.ActiveCfg = Release|Any CPU
		{A1B2C3D4-E5F6-4007-A1CC-F9FDA53375C1}.Release|Any CPU.Build.0 = Release|Any CPU
		{A1B2C3D4-E5F6-4007-A1CC-F9FDA53375C1}.Release|x64.ActiveCfg = Release|Any CPU
		{A1B2C3D4-E5F6-4007-A1CC-F9FDA53375C1}.Release|x64.Build.0 = Release|Any CPU
		{A1B2C3D4-E5F6-4007-A1CC-F9FDA53375C1}.Release|x86.ActiveCfg = Release|Any CPU
		{A1B2C3D4-E5F6-4007-A1CC-F9FDA53375C1}.Release|x86.Build.0 = Release|Any CPU
	EndGlobalSection
	GlobalSection(SolutionProperties) = preSolution
		HideSolutionNode = FALSE
	EndGlobalSection
EndGlobal
